
Microsoft Visual Studio Solution File, Format Version 12.00
# Visual Studio Version 17
VisualStudioVersion = 17.4.33213.308
MinimumVisualStudioVersion = 10.0.40219.1
Project("{FAE04EC0-301F-11D3-BF4B-00C04F79EFBC}") = "COMP003A.LectureActivity7", "COMP003A.LectureActivity7\COMP003A.LectureActivity7.csproj", "{270D161B-03F1-48B3-B96A-86DDF5F2004C}"
EndProject
Global
	GlobalSection(SolutionConfigurationPlatforms) = preSolution
		Debug|Any CPU = Debug|Any CPU
		Release|Any CPU = Release|Any CPU
	EndGlobalSection
	GlobalSection(ProjectConfigurationPlatforms) = postSolution
		{270D161B-03F1-48B3-B96A-86DDF5F2004C}.Debug|Any CPU.ActiveCfg = Debug|Any CPU
		{270D161B-03F1-48B3-B96A-86DDF5F2004C}.Debug|Any CPU.Build.0 = Debug|Any CPU
		{270D161B-03F1-48B3-B96A-86DDF5F2004C}.Release|Any CPU.ActiveCfg = Release|Any CPU
		{270D161B-03F1-48B3-B96A-86DDF5F2004C}.Release|Any CPU.Build.0 = Release|Any CPU
	EndGlobalSection
	GlobalSection(SolutionProperties) = preSolution
		HideSolutionNode = FALSE
	EndGlobalSection
	GlobalSection(ExtensibilityGlobals) = postSolution
		SolutionGuid = {A5442F60-9AD7-44F3-ADFE-A835CB8BC209}
	EndGlobalSection
EndGlobal
